GIT
  remote: https://github.com/SchoolKeep/rspec_api_documentation.git
  revision: 13df1acbcacf730468b6cfd2bae56e3c0d1a5b3a
  ref: 13df1ac
  specs:
    rspec_api_documentation (6.1.0)
      activesupport (>= 3.0.0)
      mustache (~> 1.0, >= 0.99.4)
      rspec (~> 3.0)

GEM
  remote: https://rubygems.org/
  specs:
    actioncable (7.2.3.1)
      actionpack (= 7.2.3.1)
      activesupport (= 7.2.3.1)
      nio4r (~> 2.0)
      websocket-driver (>= 0.6.1)
      zeitwerk (~> 2.6)
    actionmailbox (7.2.3.1)
      actionpack (= 7.2.3.1)
      activejob (= 7.2.3.1)
      activerecord (= 7.2.3.1)
      activestorage (= 7.2.3.1)
      activesupport (= 7.2.3.1)
      mail (>= 2.8.0)
    actionmailer (7.2.3.1)
      actionpack (= 7.2.3.1)
      actionview (= 7.2.3.1)
      activejob (= 7.2.3.1)
      activesupport (= 7.2.3.1)
      mail (>= 2.8.0)
      rails-dom-testing (~> 2.2)
    actionpack (7.2.3.1)
      actionview (= 7.2.3.1)
      activesupport (= 7.2.3.1)
      cgi
      nokogiri (>= 1.8.5)
      racc
      rack (>= 2.2.4, < 3.3)
      rack-session (>= 1.0.1)
      rack-test (>= 0.6.3)
      rails-dom-testing (~> 2.2)
      rails-html-sanitizer (~> 1.6)
      useragent (~> 0.16)
    actiontext (7.2.3.1)
      actionpack (= 7.2.3.1)
      activerecord (= 7.2.3.1)
      activestorage (= 7.2.3.1)
      activesupport (= 7.2.3.1)
      globalid (>= 0.6.0)
      nokogiri (>= 1.8.5)
    actionview (7.2.3.1)
      activesupport (= 7.2.3.1)
      builder (~> 3.1)
      cgi
      erubi (~> 1.11)
      rails-dom-testing (~> 2.2)
      rails-html-sanitizer (~> 1.6)
    activejob (7.2.3.1)
      activesupport (= 7.2.3.1)
      globalid (>= 0.3.6)
    activemodel (7.2.3.1)
      activesupport (= 7.2.3.1)
    activerecord (7.2.3.1)
      activemodel (= 7.2.3.1)
      activesupport (= 7.2.3.1)
      timeout (>= 0.4.0)
    activerecord-import (2.2.0)
      activerecord (>= 4.2)
    activestorage (7.2.3.1)
      actionpack (= 7.2.3.1)
      activejob (= 7.2.3.1)
      activerecord (= 7.2.3.1)
      activesupport (= 7.2.3.1)
      marcel (~> 1.0)
    activesupport (7.2.3.1)
      base64
      benchmark (>= 0.3)
      bigdecimal
      concurrent-ruby (~> 1.0, >= 1.3.1)
      connection_pool (>= 2.2.5)
      drb
      i18n (>= 1.6, < 2)
      logger (>= 1.4.2)
      minitest (>= 5.1, < 6)
      securerandom (>= 0.3)
      tzinfo (~> 2.0, >= 2.0.5)
    apitome (0.3.1)
      kramdown
      railties
    ast (2.4.3)
    base64 (0.3.0)
    benchmark (0.5.0)
    bigdecimal (4.1.2)
    bootsnap (1.24.0)
      msgpack (~> 1.2)
    brakeman (8.0.4)
      racc
    builder (3.3.0)
    bullet (8.0.3)
      activesupport (>= 3.0.0)
      uniform_notifier (~> 1.11)
    bundler-audit (0.9.3)
      bundler (>= 1.2.0)
      thor (~> 1.0)
    cgi (0.5.1)
    coderay (1.1.3)
    concurrent-ruby (1.3.6)
    connection_pool (3.0.2)
    crass (1.0.6)
    date (3.5.1)
    debug (1.11.1)
      irb (~> 1.10)
      reline (>= 0.3.8)
    diff-lcs (1.6.2)
    docile (1.4.1)
    drb (2.2.3)
    dry-core (1.2.0)
      concurrent-ruby (~> 1.0)
      logger
      zeitwerk (~> 2.6)
    dry-inflector (1.3.1)
    dry-logic (1.6.0)
      bigdecimal
      concurrent-ruby (~> 1.0)
      dry-core (~> 1.1)
      zeitwerk (~> 2.6)
    dry-types (1.9.1)
      bigdecimal (>= 3.0)
      concurrent-ruby (~> 1.0)
      dry-core (~> 1.0)
      dry-inflector (~> 1.0)
      dry-logic (~> 1.4)
      zeitwerk (~> 2.6)
    erb (6.0.4)
    erubi (1.13.1)
    factory_bot (6.5.6)
      activesupport (>= 6.1.0)
    factory_bot_rails (6.5.1)
      factory_bot (~> 6.5)
      railties (>= 6.1.0)
    faker (3.8.0)
      i18n (>= 1.8.11, < 2)
    globalid (1.3.0)
      activesupport (>= 6.1)
    google-protobuf (4.34.1)
      bigdecimal
      rake (~> 13.3)
    googleapis-common-protos-types (1.22.0)
      google-protobuf (~> 4.26)
    graphiti (1.10.2)
      activesupport (>= 5.2)
      concurrent-ruby (>= 1.2, < 2.0)
      dry-types (>= 0.15.0, < 2.0)
      graphiti_errors (~> 1.1.0)
      jsonapi-renderer (~> 0.2, >= 0.2.2)
      jsonapi-serializable (~> 0.3.0)
    graphiti-rails (0.4.1)
      graphiti (~> 1.2)
      railties (>= 5.0)
      rescue_registry (~> 1.0)
    graphiti_errors (1.1.2)
      jsonapi-serializable (~> 0.1)
    graphiti_spec_helpers (1.2.0)
      graphiti (>= 1.0.alpha.1)
      rspec (~> 3.0)
    i18n (1.14.8)
      concurrent-ruby (~> 1.0)
    io-console (0.8.2)
    irb (1.18.0)
      pp (>= 0.6.0)
      prism (>= 1.3.0)
      rdoc (>= 4.0.0)
      reline (>= 0.4.2)
    json (2.19.4)
    jsonapi-renderer (0.2.2)
    jsonapi-serializable (0.3.1)
      jsonapi-renderer (~> 0.2.0)
    jwt (3.1.2)
      base64
    kaminari (1.2.2)
      activesupport (>= 4.1.0)
      kaminari-actionview (= 1.2.2)
      kaminari-activerecord (= 1.2.2)
      kaminari-core (= 1.2.2)
    kaminari-actionview (1.2.2)
      actionview
      kaminari-core (= 1.2.2)
    kaminari-activerecord (1.2.2)
      activerecord
      kaminari-core (= 1.2.2)
    kaminari-core (1.2.2)
    kramdown (2.5.2)
      rexml (>= 3.4.4)
    language_server-protocol (3.17.0.5)
    lint_roller (1.1.0)
    logger (1.7.0)
    loofah (2.25.1)
      crass (~> 1.0.2)
      nokogiri (>= 1.12.0)
    mail (2.9.0)
      logger
      mini_mime (>= 0.1.1)
      net-imap
      net-pop
      net-smtp
    marcel (1.1.0)
    method_source (1.1.0)
    mini_mime (1.1.5)
    mini_portile2 (2.8.9)
    minitest (5.27.0)
    msgpack (1.8.0)
    mustache (1.1.2)
    net-imap (0.6.4)
      date
      net-protocol
    net-pop (0.1.2)
      net-protocol
    net-protocol (0.2.2)
      timeout
    net-smtp (0.5.1)
      net-protocol
    nio4r (2.7.5)
    nokogiri (1.19.2)
      mini_portile2 (~> 2.8.2)
      racc (~> 1.4)
    opentelemetry-api (1.9.0)
      logger
    opentelemetry-common (0.24.0)
      opentelemetry-api (~> 1.0)
    opentelemetry-exporter-otlp (0.33.0)
      google-protobuf (>= 3.18)
      googleapis-common-protos-types (~> 1.3)
      opentelemetry-api (~> 1.1)
      opentelemetry-common (~> 0.20)
      opentelemetry-sdk (~> 1.10)
      opentelemetry-semantic_conventions
    opentelemetry-helpers-mysql (0.6.0)
      opentelemetry-api (~> 1.7)
      opentelemetry-common (~> 0.21)
    opentelemetry-helpers-sql (0.4.0)
      opentelemetry-api (~> 1.7)
    opentelemetry-helpers-sql-processor (0.5.0)
      opentelemetry-api (~> 1.0)
      opentelemetry-common (~> 0.21)
    opentelemetry-instrumentation-action_mailer (0.7.0)
      opentelemetry-instrumentation-active_support (~> 0.10)
    opentelemetry-instrumentation-action_pack (0.17.0)
      opentelemetry-instrumentation-rack (~> 0.29)
    opentelemetry-instrumentation-action_view (0.12.0)
      opentelemetry-instrumentation-active_support (~> 0.10)
    opentelemetry-instrumentation-active_job (0.11.0)
      opentelemetry-instrumentation-base (~> 0.25)
    opentelemetry-instrumentation-active_model_serializers (0.25.0)
      opentelemetry-instrumentation-active_support (>= 0.7.0)
    opentelemetry-instrumentation-active_record (0.12.0)
      opentelemetry-instrumentation-base (~> 0.25)
    opentelemetry-instrumentation-active_storage (0.4.0)
      opentelemetry-instrumentation-active_support (~> 0.10)
    opentelemetry-instrumentation-active_support (0.11.0)
      opentelemetry-instrumentation-base (~> 0.25)
    opentelemetry-instrumentation-all (0.92.0)
      opentelemetry-instrumentation-active_model_serializers (~> 0.25.0)
      opentelemetry-instrumentation-anthropic (~> 0.5.0)
      opentelemetry-instrumentation-aws_lambda (~> 0.7.0)
      opentelemetry-instrumentation-aws_sdk (~> 0.12.0)
      opentelemetry-instrumentation-bunny (~> 0.25.0)
      opentelemetry-instrumentation-concurrent_ruby (~> 0.25.0)
      opentelemetry-instrumentation-dalli (~> 0.30.0)
      opentelemetry-instrumentation-delayed_job (~> 0.26.0)
      opentelemetry-instrumentation-ethon (~> 0.29.0)
      opentelemetry-instrumentation-excon (~> 0.29.0)
      opentelemetry-instrumentation-faraday (~> 0.33.0)
      opentelemetry-instrumentation-grape (~> 0.7.0)
      opentelemetry-instrumentation-graphql (~> 0.32.0)
      opentelemetry-instrumentation-grpc (~> 0.5.0)
      opentelemetry-instrumentation-gruf (~> 0.6.0)
      opentelemetry-instrumentation-http (~> 0.30.0)
      opentelemetry-instrumentation-http_client (~> 0.29.0)
      opentelemetry-instrumentation-httpx (~> 0.8.0)
      opentelemetry-instrumentation-koala (~> 0.24.0)
      opentelemetry-instrumentation-lmdb (~> 0.26.0)
      opentelemetry-instrumentation-mongo (~> 0.26.0)
      opentelemetry-instrumentation-mysql2 (~> 0.34.0)
      opentelemetry-instrumentation-net_http (~> 0.29.0)
      opentelemetry-instrumentation-pg (~> 0.36.0)
      opentelemetry-instrumentation-que (~> 0.13.0)
      opentelemetry-instrumentation-racecar (~> 0.7.0)
      opentelemetry-instrumentation-rack (~> 0.31.0)
      opentelemetry-instrumentation-rails (~> 0.41.0)
      opentelemetry-instrumentation-rake (~> 0.6.0)
      opentelemetry-instrumentation-rdkafka (~> 0.10.0)
      opentelemetry-instrumentation-redis (~> 0.29.0)
      opentelemetry-instrumentation-resque (~> 0.9.0)
      opentelemetry-instrumentation-restclient (~> 0.28.0)
      opentelemetry-instrumentation-ruby_kafka (~> 0.25.0)
      opentelemetry-instrumentation-sidekiq (~> 0.29.0)
      opentelemetry-instrumentation-sinatra (~> 0.30.0)
      opentelemetry-instrumentation-trilogy (~> 0.68.0)
    opentelemetry-instrumentation-anthropic (0.5.0)
      opentelemetry-instrumentation-base (~> 0.25)
    opentelemetry-instrumentation-aws_lambda (0.7.0)
      opentelemetry-instrumentation-base (~> 0.25)
    opentelemetry-instrumentation-aws_sdk (0.12.0)
      opentelemetry-instrumentation-base (~> 0.25)
    opentelemetry-instrumentation-base (0.26.0)
      opentelemetry-api (~> 1.7)
      opentelemetry-common (~> 0.21)
      opentelemetry-registry (~> 0.1)
    opentelemetry-instrumentation-bunny (0.25.0)
      opentelemetry-instrumentation-base (~> 0.25)
    opentelemetry-instrumentation-concurrent_ruby (0.25.0)
      opentelemetry-instrumentation-base (~> 0.25)
    opentelemetry-instrumentation-dalli (0.30.0)
      opentelemetry-instrumentation-base (~> 0.25)
    opentelemetry-instrumentation-delayed_job (0.26.0)
      opentelemetry-instrumentation-base (~> 0.25)
    opentelemetry-instrumentation-ethon (0.29.0)
      opentelemetry-instrumentation-base (~> 0.25)
    opentelemetry-instrumentation-excon (0.29.0)
      opentelemetry-instrumentation-base (~> 0.25)
    opentelemetry-instrumentation-faraday (0.33.0)
      opentelemetry-instrumentation-base (~> 0.25)
    opentelemetry-instrumentation-grape (0.7.0)
      opentelemetry-instrumentation-rack (~> 0.29)
    opentelemetry-instrumentation-graphql (0.32.0)
      opentelemetry-instrumentation-base (~> 0.25)
    opentelemetry-instrumentation-grpc (0.5.0)
      opentelemetry-instrumentation-base (~> 0.25)
    opentelemetry-instrumentation-gruf (0.6.0)
      opentelemetry-instrumentation-base (~> 0.25)
    opentelemetry-instrumentation-http (0.30.0)
      opentelemetry-instrumentation-base (~> 0.25)
    opentelemetry-instrumentation-http_client (0.29.0)
      opentelemetry-instrumentation-base (~> 0.25)
    opentelemetry-instrumentation-httpx (0.8.0)
      opentelemetry-instrumentation-base (~> 0.25)
    opentelemetry-instrumentation-koala (0.24.0)
      opentelemetry-instrumentation-base (~> 0.25)
    opentelemetry-instrumentation-lmdb (0.26.0)
      opentelemetry-instrumentation-base (~> 0.25)
    opentelemetry-instrumentation-mongo (0.26.0)
      opentelemetry-instrumentation-base (~> 0.25)
    opentelemetry-instrumentation-mysql2 (0.34.0)
      opentelemetry-helpers-mysql
      opentelemetry-helpers-sql
      opentelemetry-helpers-sql-processor
      opentelemetry-instrumentation-base (~> 0.25)
    opentelemetry-instrumentation-net_http (0.29.0)
      opentelemetry-instrumentation-base (~> 0.25)
    opentelemetry-instrumentation-pg (0.36.0)
      opentelemetry-helpers-sql
      opentelemetry-helpers-sql-processor
      opentelemetry-instrumentation-base (~> 0.25)
    opentelemetry-instrumentation-que (0.13.0)
      opentelemetry-instrumentation-base (~> 0.25)
    opentelemetry-instrumentation-racecar (0.7.0)
      opentelemetry-instrumentation-base (~> 0.25)
    opentelemetry-instrumentation-rack (0.31.0)
      opentelemetry-instrumentation-base (~> 0.25)
    opentelemetry-instrumentation-rails (0.41.0)
      opentelemetry-instrumentation-action_mailer (~> 0.7)
      opentelemetry-instrumentation-action_pack (~> 0.17)
      opentelemetry-instrumentation-action_view (~> 0.12)
      opentelemetry-instrumentation-active_job (~> 0.11)
      opentelemetry-instrumentation-active_record (~> 0.12)
      opentelemetry-instrumentation-active_storage (~> 0.4)
      opentelemetry-instrumentation-active_support (~> 0.11)
      opentelemetry-instrumentation-concurrent_ruby (~> 0.25)
    opentelemetry-instrumentation-rake (0.6.0)
      opentelemetry-instrumentation-base (~> 0.25)
    opentelemetry-instrumentation-rdkafka (0.10.0)
      opentelemetry-instrumentation-base (~> 0.25)
    opentelemetry-instrumentation-redis (0.29.0)
      opentelemetry-instrumentation-base (~> 0.25)
    opentelemetry-instrumentation-resque (0.9.0)
      opentelemetry-instrumentation-base (~> 0.25)
    opentelemetry-instrumentation-restclient (0.28.0)
      opentelemetry-instrumentation-base (~> 0.25)
    opentelemetry-instrumentation-ruby_kafka (0.25.0)
      opentelemetry-instrumentation-base (~> 0.25)
    opentelemetry-instrumentation-sidekiq (0.29.0)
      opentelemetry-instrumentation-base (~> 0.25)
    opentelemetry-instrumentation-sinatra (0.30.0)
      opentelemetry-instrumentation-rack (~> 0.29)
    opentelemetry-instrumentation-trilogy (0.68.0)
      opentelemetry-helpers-mysql
      opentelemetry-helpers-sql
      opentelemetry-helpers-sql-processor
      opentelemetry-instrumentation-base (~> 0.25)
      opentelemetry-semantic_conventions (>= 1.8.0)
    opentelemetry-registry (0.5.0)
      opentelemetry-api (~> 1.1)
    opentelemetry-sdk (1.11.0)
      logger
      opentelemetry-api (~> 1.1)
      opentelemetry-common (~> 0.20)
      opentelemetry-registry (~> 0.2)
      opentelemetry-semantic_conventions
    opentelemetry-semantic_conventions (1.37.0)
      opentelemetry-api (~> 1.0)
    ostruct (0.6.3)
    parallel (2.1.0)
    parser (3.3.11.1)
      ast (~> 2.4.1)
      racc
    parslet (2.0.0)
    pg (1.6.3)
    pg (1.6.3-aarch64-linux)
    pg (1.6.3-x86_64-linux)
    pp (0.6.3)
      prettyprint
    prettyprint (0.2.0)
    prism (1.9.0)
    pry (0.16.0)
      coderay (~> 1.1)
      method_source (~> 1.0)
      reline (>= 0.6.0)
    psych (5.3.1)
      date
      stringio
    puma (8.0.0)
      nio4r (~> 2.0)
    racc (1.8.1)
    rack (3.2.6)
    rack-cors (3.0.0)
      logger
      rack (>= 3.0.14)
    rack-session (2.1.2)
      base64 (>= 0.1.0)
      rack (>= 3.0.0)
    rack-test (2.2.0)
      rack (>= 1.3)
    rackup (2.3.1)
      rack (>= 3)
    rails (7.2.3.1)
      actioncable (= 7.2.3.1)
      actionmailbox (= 7.2.3.1)
      actionmailer (= 7.2.3.1)
      actionpack (= 7.2.3.1)
      actiontext (= 7.2.3.1)
      actionview (= 7.2.3.1)
      activejob (= 7.2.3.1)
      activemodel (= 7.2.3.1)
      activerecord (= 7.2.3.1)
      activestorage (= 7.2.3.1)
      activesupport (= 7.2.3.1)
      bundler (>= 1.15.0)
      railties (= 7.2.3.1)
    rails-dom-testing (2.3.0)
      activesupport (>= 5.0.0)
      minitest
      nokogiri (>= 1.6)
    rails-html-sanitizer (1.7.0)
      loofah (~> 2.25)
      nokogiri (>= 1.15.7, != 1.16.7, != 1.16.6, != 1.16.5, != 1.16.4, != 1.16.3, != 1.16.2, != 1.16.1, != 1.16.0.rc1, != 1.16.0)
    railties (7.2.3.1)
      actionpack (= 7.2.3.1)
      activesupport (= 7.2.3.1)
      cgi
      irb (~> 1.13)
      rackup (>= 1.0.0)
      rake (>= 12.2)
      thor (~> 1.0, >= 1.2.2)
      tsort (>= 0.2)
      zeitwerk (~> 2.6)
    rainbow (3.1.1)
    rake (13.4.2)
    rbs (4.0.2)
      logger
      prism (>= 1.6.0)
      tsort
    rdoc (7.2.0)
      erb
      psych (>= 4.0.0)
      tsort
    regexp_parser (2.12.0)
    reline (0.6.3)
      io-console (~> 0.5)
    rescue_registry (1.0.0)
      activesupport (>= 5.0)
    responders (3.2.0)
      actionpack (>= 7.0)
      railties (>= 7.0)
    reverse_markdown (3.0.2)
      nokogiri
    rexml (3.4.4)
    rspec (3.13.2)
      rspec-core (~> 3.13.0)
      rspec-expectations (~> 3.13.0)
      rspec-mocks (~> 3.13.0)
    rspec-core (3.13.6)
      rspec-support (~> 3.13.0)
    rspec-expectations (3.13.5)
      diff-lcs (>= 1.2.0, < 2.0)
      rspec-support (~> 3.13.0)
    rspec-mocks (3.13.8)
      diff-lcs (>= 1.2.0, < 2.0)
      rspec-support (~> 3.13.0)
    rspec-rails (8.0.4)
      actionpack (>= 7.2)
      activesupport (>= 7.2)
      railties (>= 7.2)
      rspec-core (>= 3.13.0, < 5.0.0)
      rspec-expectations (>= 3.13.0, < 5.0.0)
      rspec-mocks (>= 3.13.0, < 5.0.0)
      rspec-support (>= 3.13.0, < 5.0.0)
    rspec-support (3.13.7)
    rubocop (1.86.1)
      json (~> 2.3)
      language_server-protocol (~> 3.17.0.2)
      lint_roller (~> 1.1.0)
      parallel (>= 1.10)
      parser (>= 3.3.0.2)
      rainbow (>= 2.2.2, < 4.0)
      regexp_parser (>= 2.9.3, < 3.0)
      rubocop-ast (>= 1.49.0, < 2.0)
      ruby-progressbar (~> 1.7)
      unicode-display_width (>= 2.4.0, < 4.0)
    rubocop-ast (1.49.1)
      parser (>= 3.3.7.2)
      prism (~> 1.7)
    rubocop-factory_bot (2.28.0)
      lint_roller (~> 1.1)
      rubocop (~> 1.72, >= 1.72.1)
    rubocop-rails (2.34.3)
      activesupport (>= 4.2.0)
      lint_roller (~> 1.1)
      rack (>= 1.1)
      rubocop (>= 1.75.0, < 2.0)
      rubocop-ast (>= 1.44.0, < 2.0)
    rubocop-rspec (3.9.0)
      lint_roller (~> 1.1)
      rubocop (~> 1.81)
    rubocop-rspec_rails (2.32.0)
      lint_roller (~> 1.1)
      rubocop (~> 1.72, >= 1.72.1)
      rubocop-rspec (~> 3.5)
    ruby-lsp (0.26.9)
      language_server-protocol (~> 3.17.0)
      prism (>= 1.2, < 2.0)
      rbs (>= 3, < 5)
    ruby-lsp-rails (0.4.8)
      ruby-lsp (>= 0.26.0, < 0.27.0)
    ruby-lsp-rspec (0.1.29)
      ruby-lsp (~> 0.26.0)
    ruby-progressbar (1.13.0)
    scenic (1.9.0)
      activerecord (>= 4.0.0)
      railties (>= 4.0.0)
    securerandom (0.4.1)
    simplecov (0.22.0)
      docile (~> 1.1)
      simplecov-html (~> 0.11)
      simplecov_json_formatter (~> 0.1)
    simplecov-cobertura (3.1.0)
      rexml
      simplecov (~> 0.19)
    simplecov-html (0.13.2)
    simplecov_json_formatter (0.1.4)
    sprockets (4.2.2)
      concurrent-ruby (~> 1.0)
      logger
      rack (>= 2.2.4, < 4)
    sprockets-rails (3.5.2)
      actionpack (>= 6.1)
      activesupport (>= 6.1)
      sprockets (>= 3.0.0)
    sqlite3 (2.9.3)
      mini_portile2 (~> 2.8.0)
    sqlite3 (2.9.3-aarch64-linux-gnu)
    sqlite3 (2.9.3-x86_64-linux-gnu)
    stringio (3.2.0)
    thor (1.5.0)
    timeout (0.6.1)
    tsort (0.2.0)
    tzinfo (2.0.6)
      concurrent-ruby (~> 1.0)
    unicode-display_width (3.2.0)
      unicode-emoji (~> 4.1)
    unicode-emoji (4.2.0)
    uniform_notifier (1.18.0)
    useragent (0.16.11)
    websocket-driver (0.8.0)
      base64
      websocket-extensions (>= 0.1.0)
    websocket-extensions (0.1.5)
    zeitwerk (2.7.5)

PLATFORMS
  aarch64-linux-gnu
  ruby
  x86_64-linux

DEPENDENCIES
  activerecord-import
  apitome
  bootsnap
  brakeman
  bullet (= 8.0.3)
  bundler-audit (~> 0.9.0)
  debug
  factory_bot_rails
  faker
  google-protobuf
  graphiti
  graphiti-rails
  graphiti_spec_helpers
  jwt
  kaminari (~> 1.0)
  nokogiri
  opentelemetry-exporter-otlp
  opentelemetry-instrumentation-all
  opentelemetry-sdk
  ostruct
  parslet
  pg (~> 1.1)
  pry
  puma
  rack (~> 3.1)
  rack-cors
  rails (~> 7)
  responders
  reverse_markdown
  rspec-rails
  rspec_api_documentation!
  rubocop
  rubocop-factory_bot
  rubocop-rails
  rubocop-rspec
  rubocop-rspec_rails
  ruby-lsp-rails
  ruby-lsp-rspec
  scenic
  simplecov
  simplecov-cobertura
  sprockets-rails
  sqlite3 (~> 2.9)

CHECKSUMS
  actioncable (7.2.3.1) sha256=d3bf40a3f4fc79a09709878f0e5c43a5e2d8e6607089f6b38f9472b8715eb33c
  actionmailbox (7.2.3.1) sha256=a4e73480c97ab2fff5a416f92c54b065b1a6564ea4a807d42e0b83a94d4ec541
  actionmailer (7.2.3.1) sha256=f578b6d5c5f81a20b6f6a796187698890c8348c041daa5e2e7cf7814ac520467
  actionpack (7.2.3.1) sha256=b66afe7f937273270cb63f03bde7af7ba850017867766e8848d06d3e12e1e4ca
  actiontext (7.2.3.1) sha256=5b1418f407ea347b98084a62b9b6caa1d3b1eb482d18dbbb69fad43f242843e3
  actionview (7.2.3.1) sha256=de19b86843391762ac24a6287c30fbba11cd475fa4d4b664924d5fb7a2f1ff7c
  activejob (7.2.3.1) sha256=0bc4227ce371b82da119cd27ed91e0deb9b744bbfa266b86e4bd8d1e2a8f6ed8
  activemodel (7.2.3.1) sha256=39e1869b85e7a0b64a8ccddf19f3fb0c44261b329785384bb88f878eab51c0d0
  activerecord (7.2.3.1) sha256=b89513e275da5b34183c5f2a497c154b02dcc7c811d399ab557e67e36170a05d
  activerecord-import (2.2.0) sha256=f8ca99b196e50775723d1f1d192c379f656378dc9f5628240992a0d78807fa4b
  activestorage (7.2.3.1) sha256=0b224ea42e6256d3e33768bdccad8e3c9110a5140fc9faf98bde8873dd5dffab
  activesupport (7.2.3.1) sha256=11ebed516a43a0bb47346227a35ebae4d9427465a7c9eb197a03d5c8d283cb34
  apitome (0.3.1) sha256=7698009c4bf363b22c70d137244ecd785ac97b8537562cb1d0f30a62e06ac318
  ast (2.4.3) sha256=954615157c1d6a382bc27d690d973195e79db7f55e9765ac7c481c60bdb4d383
  base64 (0.3.0) sha256=27337aeabad6ffae05c265c450490628ef3ebd4b67be58257393227588f5a97b
  benchmark (0.5.0) sha256=465df122341aedcb81a2a24b4d3bd19b6c67c1530713fd533f3ff034e419236c
  bigdecimal (4.1.2) sha256=53d217666027eab4280346fba98e7d5b66baaae1b9c3c1c0ffe89d48188a3fbd
  bootsnap (1.24.0) sha256=34e6dea61ff4895101aa9c10894ce30186bec73fe2279e0eb52040d8d4cec297
  brakeman (8.0.4) sha256=7bf921fa9638544835df9aa7b3e720a9a72c0267f34f92135955edd80d4dcf6f
  builder (3.3.0) sha256=497918d2f9dca528fdca4b88d84e4ef4387256d984b8154e9d5d3fe5a9c8835f
  bullet (8.0.3) sha256=60e41446500a7e59272b3c2398cded214deec3662e883009de5bf30028a0642c
  bundler-audit (0.9.3) sha256=81c8766c71e47d0d28a0f98c7eed028539f21a6ea3cd8f685eb6f42333c9b4e9
  cgi (0.5.1) sha256=e93fcafc69b8a934fe1e6146121fa35430efa8b4a4047c4893764067036f18e9
  coderay (1.1.3) sha256=dc530018a4684512f8f38143cd2a096c9f02a1fc2459edcfe534787a7fc77d4b
  concurrent-ruby (1.3.6) sha256=6b56837e1e7e5292f9864f34b69c5a2cbc75c0cf5338f1ce9903d10fa762d5ab
  connection_pool (3.0.2) sha256=33fff5ba71a12d2aa26cb72b1db8bba2a1a01823559fb01d29eb74c286e62e0a
  crass (1.0.6) sha256=dc516022a56e7b3b156099abc81b6d2b08ea1ed12676ac7a5657617f012bd45d
  date (3.5.1) sha256=750d06384d7b9c15d562c76291407d89e368dda4d4fff957eb94962d325a0dc0
  debug (1.11.1) sha256=2e0b0ac6119f2207a6f8ac7d4a73ca8eb4e440f64da0a3136c30343146e952b6
  diff-lcs (1.6.2) sha256=9ae0d2cba7d4df3075fe8cd8602a8604993efc0dfa934cff568969efb1909962
  docile (1.4.1) sha256=96159be799bfa73cdb721b840e9802126e4e03dfc26863db73647204c727f21e
  drb (2.2.3) sha256=0b00d6fdb50995fe4a45dea13663493c841112e4068656854646f418fda13373
  dry-core (1.2.0) sha256=0cc5a7da88df397f153947eeeae42e876e999c1e30900f3c536fb173854e96a1
  dry-inflector (1.3.1) sha256=7fb0c2bb04f67638f25c52e7ba39ab435d922a3a5c3cd196120f63accb682dcc
  dry-logic (1.6.0) sha256=da6fedbc0f90fc41f9b0cc7e6f05f5d529d1efaef6c8dcc8e0733f685745cea2
  dry-types (1.9.1) sha256=baebeecdb9f8395d6c9d227b62011279440943e3ef2468fe8ccc1ba11467f178
  erb (6.0.4) sha256=38e3803694be357fe2bfe312487c74beaf9fb4e5beb3e22498952fe1645b95d9
  erubi (1.13.1) sha256=a082103b0885dbc5ecf1172fede897f9ebdb745a4b97a5e8dc63953db1ee4ad9
  factory_bot (6.5.6) sha256=12beb373214dccc086a7a63763d6718c49769d5606f0501e0a4442676917e077
  factory_bot_rails (6.5.1) sha256=d3cc4851eae4dea8a665ec4a4516895045e710554d2b5ac9e68b94d351bc6d68
  faker (3.8.0) sha256=c147b308df73a90f27a4fc84f18d4c22ef0ad9c2a64b2b61c86fd0ca71753efc
  globalid (1.3.0) sha256=05c639ad6eb4594522a0b07983022f04aa7254626ab69445a0e493aa3786ff11
  google-protobuf (4.34.1) sha256=347181542b8d659c60f028fa3791c9cccce651a91ad27782dbc5c5e374796cdc
  googleapis-common-protos-types (1.22.0) sha256=f97492b77bd6da0018c860d5004f512fe7cd165554d7019a8f4df6a56fbfc4c7
  graphiti (1.10.2) sha256=836333464c9d02b91ae5404ca35d2168e378ddc2d17f8bf832996ded21b8dc7b
  graphiti-rails (0.4.1) sha256=c6be084e4119bc061e51fdcb5536fcc29a02099b4404dd36adfc038264ddeab8
  graphiti_errors (1.1.2) sha256=98d3d7e87f3469647c5aa97adc5edf81eecebeb0402e69659137688d445b8dc3
  graphiti_spec_helpers (1.2.0) sha256=ef95d8d0f1bf48e6a767e1c29ec31930c87ffc7709bc72ca5c13ee107c33bce5
  i18n (1.14.8) sha256=285778639134865c5e0f6269e0b818256017e8cde89993fdfcbfb64d088824a5
  io-console (0.8.2) sha256=d6e3ae7a7cc7574f4b8893b4fca2162e57a825b223a177b7afa236c5ef9814cc
  irb (1.18.0) sha256=de9454a0703a54704b9811a5ef31a60c86949fbf4013fcf244fabc7c775248e3
  json (2.19.4) sha256=670a7d333fb3b18ca5b29cb255eb7bef099e40d88c02c80bd42a3f30fe5239ac
  jsonapi-renderer (0.2.2) sha256=b5c44b033d61b4abdb6500fa4ab84807ca0b36ea0e59e47a2c3ca7095a6e447b
  jsonapi-serializable (0.3.1) sha256=221e657677659d798e268a33ec97a83ec5ea0e4233f931358db84e88056552e9
  jwt (3.1.2) sha256=af6991f19a6bb4060d618d9add7a66f0eeb005ac0bc017cd01f63b42e122d535
  kaminari (1.2.2) sha256=c4076ff9adccc6109408333f87b5c4abbda5e39dc464bd4c66d06d9f73442a3e
  kaminari-actionview (1.2.2) sha256=1330f6fc8b59a4a4ef6a549ff8a224797289ebf7a3a503e8c1652535287cc909
  kaminari-activerecord (1.2.2) sha256=0dd3a67bab356a356f36b3b7236bcb81cef313095365befe8e98057dd2472430
  kaminari-core (1.2.2) sha256=3bd26fec7370645af40ca73b9426a448d09b8a8ba7afa9ba3c3e0d39cdbb83ff
  kramdown (2.5.2) sha256=1ba542204c66b6f9111ff00dcc26075b95b220b07f2905d8261740c82f7f02fa
  language_server-protocol (3.17.0.5) sha256=fd1e39a51a28bf3eec959379985a72e296e9f9acfce46f6a79d31ca8760803cc
  lint_roller (1.1.0) sha256=2c0c845b632a7d172cb849cc90c1bce937a28c5c8ccccb50dfd46a485003cc87
  logger (1.7.0) sha256=196edec7cc44b66cfb40f9755ce11b392f21f7967696af15d274dde7edff0203
  loofah (2.25.1) sha256=d436c73dbd0c1147b16c4a41db097942d217303e1f7728704b37e4df9f6d2e04
  mail (2.9.0) sha256=6fa6673ecd71c60c2d996260f9ee3dd387d4673b8169b502134659ece6d34941
  marcel (1.1.0) sha256=fdcfcfa33cc52e93c4308d40e4090a5d4ea279e160a7f6af988260fa970e0bee
  method_source (1.1.0) sha256=181301c9c45b731b4769bc81e8860e72f9161ad7d66dd99103c9ab84f560f5c5
  mini_mime (1.1.5) sha256=8681b7e2e4215f2a159f9400b5816d85e9d8c6c6b491e96a12797e798f8bccef
  mini_portile2 (2.8.9) sha256=0cd7c7f824e010c072e33f68bc02d85a00aeb6fce05bb4819c03dfd3c140c289
  minitest (5.27.0) sha256=2d3b17f8a36fe7801c1adcffdbc38233b938eb0b4966e97a6739055a45fa77d5
  msgpack (1.8.0) sha256=e64ce0212000d016809f5048b48eb3a65ffb169db22238fb4b72472fecb2d732
  mustache (1.1.2) sha256=d420243400354da78ded2d81541b381ad8d94e8e9b95022d0d71d66f8ef36c00
  net-imap (0.6.4) sha256=9a5598c67a3022c284d98430ef1d4948e7dbdb62596f61081ea8ca933270a02b
  net-pop (0.1.2) sha256=848b4e982013c15b2f0382792268763b748cce91c9e91e36b0f27ed26420dff3
  net-protocol (0.2.2) sha256=aa73e0cba6a125369de9837b8d8ef82a61849360eba0521900e2c3713aa162a8
  net-smtp (0.5.1) sha256=ed96a0af63c524fceb4b29b0d352195c30d82dd916a42f03c62a3a70e5b70736
  nio4r (2.7.5) sha256=6c90168e48fb5f8e768419c93abb94ba2b892a1d0602cb06eef16d8b7df1dca1
  nokogiri (1.19.2) sha256=38fdd8b59db3d5ea9e7dfb14702e882b9bf819198d5bf976f17ebce12c481756
  opentelemetry-api (1.9.0) sha256=d24065dd26583babd8d498d38ea35f74dfa193fb7102512e6e161649440079fb
  opentelemetry-common (0.24.0) sha256=f1647b233b8ac667feeb74d66a65b702008d9ab55aae825c220b4fe2c14fa773
  opentelemetry-exporter-otlp (0.33.0) sha256=6e9ce38e393c7eb9aea3fb57b128174a0066767bf495f4fd9e63d7607e0b2ad3
  opentelemetry-helpers-mysql (0.6.0) sha256=7eeb5e6950c434775a8cf28b5fde4defc12e8b865c86479ce3119fcf593d9337
  opentelemetry-helpers-sql (0.4.0) sha256=b10e8c3a2cca28a98af951bbb3e4efdc59e68b25ba0825e055574af543420afb
  opentelemetry-helpers-sql-processor (0.5.0) sha256=b199241bc9451fcbd9f00b2f454830af19d4ca27c2219ea379c9b0d53cd0e0f1
  opentelemetry-instrumentation-action_mailer (0.7.0) sha256=197f935aa37776a725bfb6aeb7e60da2ebb5d5489b11c908bd6e8f51f15c07f2
  opentelemetry-instrumentation-action_pack (0.17.0) sha256=ab78d8bed50554fa097b39fe3351857bc2ab1566fbfb9bcffaba1b9bbf089fd4
  opentelemetry-instrumentation-action_view (0.12.0) sha256=2a5615954ef95068f3f768e6c6c35b93aff81cf8ca8399c31fbaa47474e2d732
  opentelemetry-instrumentation-active_job (0.11.0) sha256=baf70048ac2eea6c228ab71706bc458e570cab7465c7f0e81afaf59ab7e86a8d
  opentelemetry-instrumentation-active_model_serializers (0.25.0) sha256=98bb004f38781aff425f1fc52636eafd0e7b32d5479957f343e361f946786ad7
  opentelemetry-instrumentation-active_record (0.12.0) sha256=2b3f1b79c10096cee2e5a59185137988244868165ce14ba6e7c74c05cf5fb6ef
  opentelemetry-instrumentation-active_storage (0.4.0) sha256=f74a7c0186cf1079d4a726acd6844837a6faf4fb800b977852e8d347bb7f3035
  opentelemetry-instrumentation-active_support (0.11.0) sha256=7bda5ded233095141be4472a453030558635a4923af0ab191dcc532dd6a5d968
  opentelemetry-instrumentation-all (0.92.0) sha256=9fc460db8c3f0b702a59c43ca6390ecea908518e8d7f274ce272047e9023220d
  opentelemetry-instrumentation-anthropic (0.5.0) sha256=a6b1e1f324d35323d4714a7f204c9d34c46da07529877a725829420a4a44bb13
  opentelemetry-instrumentation-aws_lambda (0.7.0) sha256=50e5a32c454f2d38ecb53cc94e77dc646b33c47294cc6e6363e7c226097fa132
  opentelemetry-instrumentation-aws_sdk (0.12.0) sha256=e2f48bf471cefe4d4bd9cfdafabffce65790b73381040e82d337933ac8bfb366
  opentelemetry-instrumentation-base (0.26.0) sha256=fdec8bff9a8de04d113bd4e8d490b17414c92d6c79dd457dfa079c97ba922be0
  opentelemetry-instrumentation-bunny (0.25.0) sha256=a8b20b7b4cdbfcfd64036b41c160061b164da2938aa7a7621849ee9f7ecb81b8
  opentelemetry-instrumentation-concurrent_ruby (0.25.0) sha256=722912e7078e3025a84a25d0b6085702417598c58187c19a762234702cbf7b2d
  opentelemetry-instrumentation-dalli (0.30.0) sha256=5e2fc0ef1f7eb684c6a987789ad0bad22ea9350376e134cd7c803e5eb02776ee
  opentelemetry-instrumentation-delayed_job (0.26.0) sha256=98beac35860800e3235b7b79bed9e53af07f601733f5a0020ce9db2f906ce79c
  opentelemetry-instrumentation-ethon (0.29.0) sha256=878135c550d01e2900348a92e9ca8e508e131d9d59d0e698c6a021fc7723181f
  opentelemetry-instrumentation-excon (0.29.0) sha256=a741f58d748dcabcc944e2bf181474e69ede9947e732cf741fd7064e7ff2ee63
  opentelemetry-instrumentation-faraday (0.33.0) sha256=f4320bece35997b8ce2ba520eaf52499b89a0c048fce9ce0a10c1ae5d783f801
  opentelemetry-instrumentation-grape (0.7.0) sha256=1b7dddd8e2baad62de6cd20fc924089fb5b8953e23ba41b83b4116ad5bcc03bf
  opentelemetry-instrumentation-graphql (0.32.0) sha256=c3af73b42ac5ac873476f2c4c4cf46de2fb81bb74612cea61214a9911708afaa
  opentelemetry-instrumentation-grpc (0.5.0) sha256=09bd9ccbedea4668e80546a24dbc1b148fd3775658228050f7378fc0e03b863d
  opentelemetry-instrumentation-gruf (0.6.0) sha256=b2a2455b2c622962fc27a943572ee0c660297206bc5eb51b61095d5eb37eae0c
  opentelemetry-instrumentation-http (0.30.0) sha256=36d2639eab81d386b25e99e0d91fe31888a255159a1213b9648e8359751055c8
  opentelemetry-instrumentation-http_client (0.29.0) sha256=92363f0aa7a4286cb02e551c483078a2d5323e9f4ca2b706f2066834f7793d3d
  opentelemetry-instrumentation-httpx (0.8.0) sha256=694b6e3eb6df04f1534d7713b5bd67ab5c2e2f2d5438f2c972542b1617378fec
  opentelemetry-instrumentation-koala (0.24.0) sha256=70acc5e23bec54de26f3741e35056523cf9746329e7789f5be99ba1424b955f9
  opentelemetry-instrumentation-lmdb (0.26.0) sha256=e032b0a95c2df84e8f23a3c9b24af2ffa4f75ec3b3a72171951ef16ace490cd7
  opentelemetry-instrumentation-mongo (0.26.0) sha256=511407dd4fe06cb11be54b40b0a38f684aba1fc0569a5f6982c013e07e370ffd
  opentelemetry-instrumentation-mysql2 (0.34.0) sha256=3c38c7ac7251d2ac3f7fc744f0f0efb05459635b74232d264727874e9e8552b8
  opentelemetry-instrumentation-net_http (0.29.0) sha256=fae5eb6a794bbf87fb15752343b74d5cfd2bb830353f42cab3483fd2f3f84fe7
  opentelemetry-instrumentation-pg (0.36.0) sha256=f7346f8c4377c053ca2720ac112eacef884840e3f97621ec6f553f3cb23baec7
  opentelemetry-instrumentation-que (0.13.0) sha256=95e04b8c17e89eaa446f5dff7975cf72c2e74f7e1e84717be47facf510613112
  opentelemetry-instrumentation-racecar (0.7.0) sha256=93a991917687aa0a6e785ccd8d0de5746af110122552b2bf1e3abe12ab04584a
  opentelemetry-instrumentation-rack (0.31.0) sha256=bae9f424a2bb1dde2aa5e2c7e02dbbb80c972e7f4964ab820431229f276e0bfc
  opentelemetry-instrumentation-rails (0.41.0) sha256=90dda50f73b52b2b1bd7cd6990c7b8dd24d0aa8a90d2de0e534d9af476a39306
  opentelemetry-instrumentation-rake (0.6.0) sha256=71746e4e172560f8ccf1d3c91354196f5aa0fd9b0c477d6ff17a451cef901822
  opentelemetry-instrumentation-rdkafka (0.10.0) sha256=ad1a4aa78c0ab43c1f130d961f54e1d6ac20c674b0180b87d4364770b81ec209
  opentelemetry-instrumentation-redis (0.29.0) sha256=5f855d31ff7f72f79ef97e846655eaf31455a5c9549578725918196df09545ec
  opentelemetry-instrumentation-resque (0.9.0) sha256=c79de5ed739ebe8acc9e13f0c69d6b2b81266806a3b3fec6cb6a8ef8151a0e05
  opentelemetry-instrumentation-restclient (0.28.0) sha256=749b76d46c85a78882d924ba2edeff408f50def33099a67d95d88ddc4fa10307
  opentelemetry-instrumentation-ruby_kafka (0.25.0) sha256=33ceccd5cef4f648e652fa45896d0b014da1a71b3a80f17064829ee5aa84e285
  opentelemetry-instrumentation-sidekiq (0.29.0) sha256=b1d2a0cb9041a5e14239fe7c94d99e3dd07f870e2759460ab63592d7cdd8aadc
  opentelemetry-instrumentation-sinatra (0.30.0) sha256=b67301153420f43264a0c68cdb3ca5bd77467cf5054e57b83a2bf891aaaa0361
  opentelemetry-instrumentation-trilogy (0.68.0) sha256=24b31efdf21a08644ad26038b574f4b0876195b1502f3f64b1065eff3fe0f588
  opentelemetry-registry (0.5.0) sha256=726ca58ada93a23efaa5f7bb81b8ab7a8a1e14602935c9c65dfa2e597a19fb4f
  opentelemetry-sdk (1.11.0) sha256=427c6708f4732105ffa46c11afecb91807085c59e92538eaa6cf46b97b1850c6
  opentelemetry-semantic_conventions (1.37.0) sha256=1e2dc5ad649e19ba2fb0fa7c6f9303e5cdd8d3952511415cb07efe28a0f8f4c3
  ostruct (0.6.3) sha256=95a2ed4a4bd1d190784e666b47b2d3f078e4a9efda2fccf18f84ddc6538ed912
  parallel (2.1.0) sha256=b35258865c2e31134c5ecb708beaaf6772adf9d5efae28e93e99260877b09356
  parser (3.3.11.1) sha256=d17ace7aabe3e72c3cc94043714be27cc6f852f104d81aa284c2281aecc65d54
  parslet (2.0.0) sha256=d45130695d39b43d7e6a91f4d2ec66b388a8d822bae38de9b4de9a5fbde1f606
  pg (1.6.3) sha256=1388d0563e13d2758c1089e35e973a3249e955c659592d10e5b77c468f628a99
  pg (1.6.3-aarch64-linux) sha256=0698ad563e02383c27510b76bf7d4cd2de19cd1d16a5013f375dd473e4be72ea
  pg (1.6.3-x86_64-linux) sha256=5d9e188c8f7a0295d162b7b88a768d8452a899977d44f3274d1946d67920ae8d
  pp (0.6.3) sha256=2951d514450b93ccfeb1df7d021cae0da16e0a7f95ee1e2273719669d0ab9df6
  prettyprint (0.2.0) sha256=2bc9e15581a94742064a3cc8b0fb9d45aae3d03a1baa6ef80922627a0766f193
  prism (1.9.0) sha256=7b530c6a9f92c24300014919c9dcbc055bf4cdf51ec30aed099b06cd6674ef85
  pry (0.16.0) sha256=d76c69065698ed1f85e717bd33d7942c38a50868f6b0673c636192b3d1b6054e
  psych (5.3.1) sha256=eb7a57cef10c9d70173ff74e739d843ac3b2c019a003de48447b2963d81b1974
  puma (8.0.0) sha256=1681050b8b60fab1d3033255ab58b6aec64cd063e43fc6f8204bcb8bf9364b88
  racc (1.8.1) sha256=4a7f6929691dbec8b5209a0b373bc2614882b55fc5d2e447a21aaa691303d62f
  rack (3.2.6) sha256=5ed78e1f73b2e25679bec7d45ee2d4483cc4146eb1be0264fc4d94cb5ef212c2
  rack-cors (3.0.0) sha256=7b95be61db39606906b61b83bd7203fa802b0ceaaad8fcb2fef39e097bf53f68
  rack-session (2.1.2) sha256=595434f8c0c3473ae7d7ac56ecda6cc6dfd9d37c0b2b5255330aa1576967ffe8
  rack-test (2.2.0) sha256=005a36692c306ac0b4a9350355ee080fd09ddef1148a5f8b2ac636c720f5c463
  rackup (2.3.1) sha256=6c79c26753778e90983761d677a48937ee3192b3ffef6bc963c0950f94688868
  rails (7.2.3.1) sha256=96c0a0160081ef3f1e407438880f6194c6ec94cdf40c8f83fc7bb22c279eba94
  rails-dom-testing (2.3.0) sha256=8acc7953a7b911ca44588bf08737bc16719f431a1cc3091a292bca7317925c1d
  rails-html-sanitizer (1.7.0) sha256=28b145cceaf9cc214a9874feaa183c3acba036c9592b19886e0e45efc62b1e89
  railties (7.2.3.1) sha256=aea3393ee10243ceedcbeccb45458a0d58b524b6d21bf32eff8b93853baae15a
  rainbow (3.1.1) sha256=039491aa3a89f42efa1d6dec2fc4e62ede96eb6acd95e52f1ad581182b79bc6a
  rake (13.4.2) sha256=cb825b2bd5f1f8e91ca37bddb4b9aaf345551b4731da62949be002fa89283701
  rbs (4.0.2) sha256=af75671e66cd03434cc546622741ebf83f6197ec4328375805306330bf78ef25
  rdoc (7.2.0) sha256=8650f76cd4009c3b54955eb5d7e3a075c60a57276766ebf36f9085e8c9f23192
  regexp_parser (2.12.0) sha256=35a916a1d63190ab5c9009457136ae5f3c0c7512d60291d0d1378ba18ce08ebb
  reline (0.6.3) sha256=1198b04973565b36ec0f11542ab3f5cfeeec34823f4e54cebde90968092b1835
  rescue_registry (1.0.0) sha256=0187c18432558fead224a0c1f7b981361ef675bc6c5fe8be9577fe68ec45e6d8
  responders (3.2.0) sha256=89c2d6ac0ae16f6458a11524cae4a8efdceba1a3baea164d28ee9046bd3df55a
  reverse_markdown (3.0.2) sha256=818ebb92ce39dbb1a291690dd1ec9a6d62530d4725296b17e9c8f668f9a5b8af
  rexml (3.4.4) sha256=19e0a2c3425dfbf2d4fc1189747bdb2f849b6c5e74180401b15734bc97b5d142
  rspec (3.13.2) sha256=206284a08ad798e61f86d7ca3e376718d52c0bc944626b2349266f239f820587
  rspec-core (3.13.6) sha256=a8823c6411667b60a8bca135364351dda34cd55e44ff94c4be4633b37d828b2d
  rspec-expectations (3.13.5) sha256=33a4d3a1d95060aea4c94e9f237030a8f9eae5615e9bd85718fe3a09e4b58836
  rspec-mocks (3.13.8) sha256=086ad3d3d17533f4237643de0b5c42f04b66348c28bf6b9c2d3f4a3b01af1d47
  rspec-rails (8.0.4) sha256=06235692fc0892683d3d34977e081db867434b3a24ae0dd0c6f3516bad4e22df
  rspec-support (3.13.7) sha256=0640e5570872aafefd79867901deeeeb40b0c9875a36b983d85f54fb7381c47c
  rspec_api_documentation (6.1.0)
  rubocop (1.86.1) sha256=44415f3f01d01a21e01132248d2fd0867572475b566ca188a0a42133a08d4531
  rubocop-ast (1.49.1) sha256=4412f3ee70f6fe4546cc489548e0f6fcf76cafcfa80fa03af67098ffed755035
  rubocop-factory_bot (2.28.0) sha256=4b17fc02124444173317e131759d195b0d762844a71a29fe8139c1105d92f0cb
  rubocop-rails (2.34.3) sha256=10d37989024865ecda8199f311f3faca990143fbac967de943f88aca11eb9ad2
  rubocop-rspec (3.9.0) sha256=8fa70a3619408237d789aeecfb9beef40576acc855173e60939d63332fdb55e2
  rubocop-rspec_rails (2.32.0) sha256=4a0d641c72f6ebb957534f539d9d0a62c47abd8ce0d0aeee1ef4701e892a9100
  ruby-lsp (0.26.9) sha256=33a01c001c00a76b4e821efc04ed7572983430f31ca5d6f3e343d0b6ccab4129
  ruby-lsp-rails (0.4.8) sha256=f09d1f926d4063deeb2f3049311925c20dfe6c912371e3bcd04a265a865c44ae
  ruby-lsp-rspec (0.1.29) sha256=798be579723376cd56b17d32373288fb1163e4cfe2024c7d068516a1cf214ee5
  ruby-progressbar (1.13.0) sha256=80fc9c47a9b640d6834e0dc7b3c94c9df37f08cb072b7761e4a71e22cff29b33
  scenic (1.9.0) sha256=6eec3aa049ba2a137e7eb0b4c4f0200b77f7765fc82e08ad44c01da7905563d9
  securerandom (0.4.1) sha256=cc5193d414a4341b6e225f0cb4446aceca8e50d5e1888743fac16987638ea0b1
  simplecov (0.22.0) sha256=fe2622c7834ff23b98066bb0a854284b2729a569ac659f82621fc22ef36213a5
  simplecov-cobertura (3.1.0) sha256=6d7f38aa32c965ca2174b2e5bd88cb17138eaf629518854976ac50e628925dc5
  simplecov-html (0.13.2) sha256=bd0b8e54e7c2d7685927e8d6286466359b6f16b18cb0df47b508e8d73c777246
  simplecov_json_formatter (0.1.4) sha256=529418fbe8de1713ac2b2d612aa3daa56d316975d307244399fa4838c601b428
  sprockets (4.2.2) sha256=761e5a49f1c288704763f73139763564c845a8f856d52fba013458f8af1b59b1
  sprockets-rails (3.5.2) sha256=a9e88e6ce9f8c912d349aa5401509165ec42326baf9e942a85de4b76dbc4119e
  sqlite3 (2.9.3) sha256=e5ca871c87241bfdaf0e4a90d5177f4e4fe7af5f6951f88b4644339cc76e47ae
  sqlite3 (2.9.3-aarch64-linux-gnu) sha256=ca6dd1cf6c037ccc8d3e5837190cc61ef15466092014951235641b5c4c8ab4ee
  sqlite3 (2.9.3-x86_64-linux-gnu) sha256=85200a10c6cf5c60085fcca411a3168c5fba8fda3e2b1b0109ec277d7c226d46
  stringio (3.2.0) sha256=c37cb2e58b4ffbd33fe5cd948c05934af997b36e0b6ca6fdf43afa234cf222e1
  thor (1.5.0) sha256=e3a9e55fe857e44859ce104a84675ab6e8cd59c650a49106a05f55f136425e73
  timeout (0.6.1) sha256=78f57368a7e7bbadec56971f78a3f5ecbcfb59b7fcbb0a3ed6ddc08a5094accb
  tsort (0.2.0) sha256=9650a793f6859a43b6641671278f79cfead60ac714148aabe4e3f0060480089f
  tzinfo (2.0.6) sha256=8daf828cc77bcf7d63b0e3bdb6caa47e2272dcfaf4fbfe46f8c3a9df087a829b
  unicode-display_width (3.2.0) sha256=0cdd96b5681a5949cdbc2c55e7b420facae74c4aaf9a9815eee1087cb1853c42
  unicode-emoji (4.2.0) sha256=519e69150f75652e40bf736106cfbc8f0f73aa3fb6a65afe62fefa7f80b0f80f
  uniform_notifier (1.18.0) sha256=4787785556f66f6418486da0f1d78b3239aaff98e2e7938fb05e2062b0ffce9d
  useragent (0.16.11) sha256=700e6413ad4bb954bb63547fa098dddf7b0ebe75b40cc6f93b8d54255b173844
  websocket-driver (0.8.0) sha256=ed0dba4b943c22f17f9a734817e808bc84cdce6a7e22045f5315aa57676d4962
  websocket-extensions (0.1.5) sha256=1c6ba63092cda343eb53fc657110c71c754c56484aad42578495227d717a8241
  zeitwerk (2.7.5) sha256=d8da92128c09ea6ec62c949011b00ed4a20242b255293dd66bf41545398f73dd

RUBY VERSION
  ruby 3.4.4

BUNDLED WITH
  4.0.6
